
Microsoft Visual Studio Solution File, Format Version 12.00
# Visual Studio Version 16
VisualStudioVersion = 16.0.29020.237
MinimumVisualStudioVersion = 10.0.40219.1
Project("{FAE04EC0-301F-11D3-BF4B-00C04F79EFBC}") = "AzureFunctionsSample", "src\AzureFunctionsSample\AzureFunctionsSample.csproj", "{A27489DF-B252-44FC-A4DF-501EB7C12EB6}"
EndProject
Global
	GlobalSection(SolutionConfigurationPlatforms) = preSolution
		Debug|Any CPU = Debug|Any CPU
		Release|Any CPU = Release|Any CPU
	EndGlobalSection
	GlobalSection(ProjectConfigurationPlatforms) = postSolution
		{A27489DF-B252-44FC-A4DF-501EB7C12EB6}.Debug|Any CPU.ActiveCfg = Debug|Any CPU
		{A27489DF-B252-44FC-A4DF-501EB7C12EB6}.Debug|Any CPU.Build.0 = Debug|Any CPU
		{A27489DF-B252-44FC-A4DF-501EB7C12EB6}.Release|Any CPU.ActiveCfg = Release|Any CPU
		{A27489DF-B252-44FC-A4DF-501EB7C12EB6}.Release|Any CPU.Build.0 = Release|Any CPU
	EndGlobalSection
	GlobalSection(SolutionProperties) = preSolution
		HideSolutionNode = FALSE
	EndGlobalSection
	GlobalSection(ExtensibilityGlobals) = postSolution
		SolutionGuid = {CF2F68C7-B22A-403C-BC00-2E8AEB29BC98}
	EndGlobalSection
EndGlobal
